
Microsoft Visual Studio Solution File, Format Version 12.00
# Visual Studio 14
VisualStudioVersion = 14.0.25123.0
MinimumVisualStudioVersion = 10.0.40219.1
Project("{2150E333-8FDC-42A3-9474-1A3956D46DE8}") = "src", "src", "{65D494C7-0630-4CEA-A5E9-AC6386D9A844}"
EndProject
Project("{2150E333-8FDC-42A3-9474-1A3956D46DE8}") = "Solution Items", "Solution Items", "{41EB3038-2BB9-4FBA-81D3-FCBFD1F88390}"
	ProjectSection(SolutionItems) = preProject
		global.json = global.json
	EndProjectSection
EndProject
Project("{8BB2217D-0F2D-49D1-97BC-3654ED321F3B}") = "EventManager.Web", "src\EventManager.Web\EventManager.Web.xproj", "{80B2F257-56AC-4DA5-AC9E-EC4EC0EC3A80}"
EndProject
Global
	GlobalSection(SolutionConfigurationPlatforms) = preSolution
		Debug|Any CPU = Debug|Any CPU
		Release|Any CPU = Release|Any CPU
	EndGlobalSection
	GlobalSection(ProjectConfigurationPlatforms) = postSolution
		{80B2F257-56AC-4DA5-AC9E-EC4EC0EC3A80}.Debug|Any CPU.ActiveCfg = Debug|Any CPU
		{80B2F257-56AC-4DA5-AC9E-EC4EC0EC3A80}.Debug|Any CPU.Build.0 = Debug|Any CPU
		{80B2F257-56AC-4DA5-AC9E-EC4EC0EC3A80}.Release|Any CPU.ActiveCfg = Release|Any CPU
		{80B2F257-56AC-4DA5-AC9E-EC4EC0EC3A80}.Release|Any CPU.Build.0 = Release|Any CPU
	EndGlobalSection
	GlobalSection(SolutionProperties) = preSolution
		HideSolutionNode = FALSE
	EndGlobalSection
	GlobalSection(NestedProjects) = preSolution
		{80B2F257-56AC-4DA5-AC9E-EC4EC0EC3A80} = {65D494C7-0630-4CEA-A5E9-AC6386D9A844}
	EndGlobalSection
	GlobalSection(TeamFoundationVersionControl) = preSolution
		SccNumberOfProjects = 2
		SccEnterpriseProvider = {4CA58AB2-18FA-4F8D-95D4-32DDF27D184C}
		SccTeamFoundationServer = http://tfs:8080/tfs/events%20management
		SccLocalPath0 = .
		SccProjectUniqueName1 = src\\EventManager.Web\\EventManager.Web.xproj
		SccProjectTopLevelParentUniqueName1 = EventManager.sln
		SccProjectName1 = src/EventManager.Web
		SccLocalPath1 = src\\EventManager.Web
	EndGlobalSection
EndGlobal
